
Microsoft Visual Studio Solution File, Format Version 12.00
# Visual Studio Version 17
VisualStudioVersion = 17.0.31903.59
MinimumVisualStudioVersion = 10.0.40219.1
Project("{2150E333-8FDC-42A3-9474-1A3956D46DE8}") = "src", "src", "{827E0CD3-B72D-47B6-A68D-7590B98EB39B}"
EndProject
Project("{FAE04EC0-301F-11D3-BF4B-00C04F79EFBC}") = "Clyr.App", "src\Clyr.App\Clyr.App.csproj", "{D4F04349-EA5E-4C28-BD46-1045794B7FC7}"
EndProject
Project("{FAE04EC0-301F-11D3-BF4B-00C04F79EFBC}") = "Clyr.Cli", "src\Clyr.Cli\Clyr.Cli.csproj", "{366B142A-49C2-45B3-9555-C209F8E88D03}"
EndProject
Project("{FAE04EC0-301F-11D3-BF4B-00C04F79EFBC}") = "Clyr.Contracts", "src\Clyr.Contracts\Clyr.Contracts.csproj", "{D9AF8D77-0ED5-4090-9F74-45F0752B1C66}"
EndProject
Project("{FAE04EC0-301F-11D3-BF4B-00C04F79EFBC}") = "Clyr.Core", "src\Clyr.Core\Clyr.Core.csproj", "{1CE3E687-0DAD-4AF9-952F-3731AEC2DE84}"
EndProject
Project("{FAE04EC0-301F-11D3-BF4B-00C04F79EFBC}") = "Clyr.Persistence", "src\Clyr.Persistence\Clyr.Persistence.csproj", "{0B8BF316-95D4-4BF2-80E6-029887525A18}"
EndProject
Project("{FAE04EC0-301F-11D3-BF4B-00C04F79EFBC}") = "Clyr.Rules", "src\Clyr.Rules\Clyr.Rules.csproj", "{A54DFA4E-5E3C-46C2-92D3-76BE00DD23A6}"
EndProject
Project("{FAE04EC0-301F-11D3-BF4B-00C04F79EFBC}") = "Clyr.Windows", "src\Clyr.Windows\Clyr.Windows.csproj", "{7C87979B-D9E3-483B-A139-75F845E9A9DC}"
EndProject
Project("{2150E333-8FDC-42A3-9474-1A3956D46DE8}") = "tests", "tests", "{0AB3BF05-4346-4AA6-1389-037BE0695223}"
EndProject
Project("{FAE04EC0-301F-11D3-BF4B-00C04F79EFBC}") = "Clyr.Cli.Tests", "tests\Clyr.Cli.Tests\Clyr.Cli.Tests.csproj", "{3A8AC4B1-DAC9-44BF-9AE3-6E825B74BE6A}"
EndProject
Project("{FAE04EC0-301F-11D3-BF4B-00C04F79EFBC}") = "Clyr.Contracts.Tests", "tests\Clyr.Contracts.Tests\Clyr.Contracts.Tests.csproj", "{26C882BC-DE7E-4AEC-939C-4411E7B860CF}"
EndProject
Project("{FAE04EC0-301F-11D3-BF4B-00C04F79EFBC}") = "Clyr.Core.Tests", "tests\Clyr.Core.Tests\Clyr.Core.Tests.csproj", "{972FA0FB-AF91-4BCD-99C6-B1A8D56B311B}"
EndProject
Project("{FAE04EC0-301F-11D3-BF4B-00C04F79EFBC}") = "Clyr.Integration.Tests", "tests\Clyr.Integration.Tests\Clyr.Integration.Tests.csproj", "{4CC799BD-787E-476B-8EFB-62E82433C91D}"
EndProject
Project("{FAE04EC0-301F-11D3-BF4B-00C04F79EFBC}") = "Clyr.Persistence.Tests", "tests\Clyr.Persistence.Tests\Clyr.Persistence.Tests.csproj", "{D97A42FE-2616-4F16-82F8-732C341390B1}"
EndProject
Project("{FAE04EC0-301F-11D3-BF4B-00C04F79EFBC}") = "Clyr.Rules.Tests", "tests\Clyr.Rules.Tests\Clyr.Rules.Tests.csproj", "{E7580040-0FFE-475B-ACB8-0EF43ECB4F5D}"
EndProject
Project("{FAE04EC0-301F-11D3-BF4B-00C04F79EFBC}") = "Clyr.Safety.Tests", "tests\Clyr.Safety.Tests\Clyr.Safety.Tests.csproj", "{27E3C1CE-7CBC-445F-8935-1EFE2102B6C5}"
EndProject
Project("{FAE04EC0-301F-11D3-BF4B-00C04F79EFBC}") = "Clyr.Windows.Tests", "tests\Clyr.Windows.Tests\Clyr.Windows.Tests.csproj", "{EBE5273B-62C6-4E2C-96FD-AE4726159B26}"
EndProject
Global
	GlobalSection(SolutionConfigurationPlatforms) = preSolution
		Debug|Any CPU = Debug|Any CPU
		Debug|x64 = Debug|x64
		Debug|x86 = Debug|x86
		Release|Any CPU = Release|Any CPU
		Release|x64 = Release|x64
		Release|x86 = Release|x86
	EndGlobalSection
	GlobalSection(ProjectConfigurationPlatforms) = postSolution
		{D4F04349-EA5E-4C28-BD46-1045794B7FC7}.Debug|Any CPU.ActiveCfg = Debug|Any CPU
		{D4F04349-EA5E-4C28-BD46-1045794B7FC7}.Debug|Any CPU.Build.0 = Debug|Any CPU
		{D4F04349-EA5E-4C28-BD46-1045794B7FC7}.Debug|x64.ActiveCfg = Debug|Any CPU
		{D4F04349-EA5E-4C28-BD46-1045794B7FC7}.Debug|x64.Build.0 = Debug|Any CPU
		{D4F04349-EA5E-4C28-BD46-1045794B7FC7}.Debug|x86.ActiveCfg = Debug|Any CPU
		{D4F04349-EA5E-4C28-BD46-1045794B7FC7}.Debug|x86.Build.0 = Debug|Any CPU
		{D4F04349-EA5E-4C28-BD46-1045794B7FC7}.Release|Any CPU.ActiveCfg = Release|Any CPU
		{D4F04349-EA5E-4C28-BD46-1045794B7FC7}.Release|Any CPU.Build.0 = Release|Any CPU
		{D4F04349-EA5E-4C28-BD46-1045794B7FC7}.Release|x64.ActiveCfg = Release|Any CPU
		{D4F04349-EA5E-4C28-BD46-1045794B7FC7}.Release|x64.Build.0 = Release|Any CPU
		{D4F04349-EA5E-4C28-BD46-1045794B7FC7}.Release|x86.ActiveCfg = Release|Any CPU
		{D4F04349-EA5E-4C28-BD46-1045794B7FC7}.Release|x86.Build.0 = Release|Any CPU
		{366B142A-49C2-45B3-9555-C209F8E88D03}.Debug|Any CPU.ActiveCfg = Debug|Any CPU
		{366B142A-49C2-45B3-9555-C209F8E88D03}.Debug|Any CPU.Build.0 = Debug|Any CPU
		{366B142A-49C2-45B3-9555-C209F8E88D03}.Debug|x64.ActiveCfg = Debug|Any CPU
		{366B142A-49C2-45B3-9555-C209F8E88D03}.Debug|x64.Build.0 = Debug|Any CPU
		{366B142A-49C2-45B3-9555-C209F8E88D03}.Debug|x86.ActiveCfg = Debug|Any CPU
		{366B142A-49C2-45B3-9555-C209F8E88D03}.Debug|x86.Build.0 = Debug|Any CPU
		{366B142A-49C2-45B3-9555-C209F8E88D03}.Release|Any CPU.ActiveCfg = Release|Any CPU
		{366B142A-49C2-45B3-9555-C209F8E88D03}.Release|Any CPU.Build.0 = Release|Any CPU
		{366B142A-49C2-45B3-9555-C209F8E88D03}.Release|x64.ActiveCfg = Release|Any CPU
		{366B142A-49C2-45B3-9555-C209F8E88D03}.Release|x64.Build.0 = Release|Any CPU
		{366B142A-49C2-45B3-9555-C209F8E88D03}.Release|x86.ActiveCfg = Release|Any CPU
		{366B142A-49C2-45B3-9555-C209F8E88D03}.Release|x86.Build.0 = Release|Any CPU
		{D9AF8D77-0ED5-4090-9F74-45F0752B1C66}.Debug|Any CPU.ActiveCfg = Debug|Any CPU
		{D9AF8D77-0ED5-4090-9F74-45F0752B1C66}.Debug|Any CPU.Build.0 = Debug|Any CPU
		{D9AF8D77-0ED5-4090-9F74-45F0752B1C66}.Debug|x64.ActiveCfg = Debug|Any CPU
		{D9AF8D77-0ED5-4090-9F74-45F0752B1C66}.Debug|x64.Build.0 = Debug|Any CPU
		{D9AF8D77-0ED5-4090-9F74-45F0752B1C66}.Debug|x86.ActiveCfg = Debug|Any CPU
		{D9AF8D77-0ED5-4090-9F74-45F0752B1C66}.Debug|x86.Build.0 = Debug|Any CPU
		{D9AF8D77-0ED5-4090-9F74-45F0752B1C66}.Release|Any CPU.ActiveCfg = Release|Any CPU
		{D9AF8D77-0ED5-4090-9F74-45F0752B1C66}.Release|Any CPU.Build.0 = Release|Any CPU
		{D9AF8D77-0ED5-4090-9F74-45F0752B1C66}.Release|x64.ActiveCfg = Release|Any CPU
		{D9AF8D77-0ED5-4090-9F74-45F0752B1C66}.Release|x64.Build.0 = Release|Any CPU
		{D9AF8D77-0ED5-4090-9F74-45F0752B1C66}.Release|x86.ActiveCfg = Release|Any CPU
		{D9AF8D77-0ED5-4090-9F74-45F0752B1C66}.Release|x86.Build.0 = Release|Any CPU
		{1CE3E687-0DAD-4AF9-952F-3731AEC2DE84}.Debug|Any CPU.ActiveCfg = Debug|Any CPU
		{1CE3E687-0DAD-4AF9-952F-3731AEC2DE84}.Debug|Any CPU.Build.0 = Debug|Any CPU
		{1CE3E687-0DAD-4AF9-952F-3731AEC2DE84}.Debug|x64.ActiveCfg = Debug|Any CPU
		{1CE3E687-0DAD-4AF9-952F-3731AEC2DE84}.Debug|x64.Build.0 = Debug|Any CPU
		{1CE3E687-0DAD-4AF9-952F-3731AEC2DE84}.Debug|x86.ActiveCfg = Debug|Any CPU
		{1CE3E687-0DAD-4AF9-952F-3731AEC2DE84}.Debug|x86.Build.0 = Debug|Any CPU
		{1CE3E687-0DAD-4AF9-952F-3731AEC2DE84}.Release|Any CPU.ActiveCfg = Release|Any CPU
		{1CE3E687-0DAD-4AF9-952F-3731AEC2DE84}.Release|Any CPU.Build.0 = Release|Any CPU
		{1CE3E687-0DAD-4AF9-952F-3731AEC2DE84}.Release|x64.ActiveCfg = Release|Any CPU
		{1CE3E687-0DAD-4AF9-952F-3731AEC2DE84}.Release|x64.Build.0 = Release|Any CPU
		{1CE3E687-0DAD-4AF9-952F-3731AEC2DE84}.Release|x86.ActiveCfg = Release|Any CPU
		{1CE3E687-0DAD-4AF9-952F-3731AEC2DE84}.Release|x86.Build.0 = Release|Any CPU
		{0B8BF316-95D4-4BF2-80E6-029887525A18}.Debug|Any CPU.ActiveCfg = Debug|Any CPU
		{0B8BF316-95D4-4BF2-80E6-029887525A18}.Debug|Any CPU.Build.0 = Debug|Any CPU
		{0B8BF316-95D4-4BF2-80E6-029887525A18}.Debug|x64.ActiveCfg = Debug|Any CPU
		{0B8BF316-95D4-4BF2-80E6-029887525A18}.Debug|x64.Build.0 = Debug|Any CPU
		{0B8BF316-95D4-4BF2-80E6-029887525A18}.Debug|x86.ActiveCfg = Debug|Any CPU
		{0B8BF316-95D4-4BF2-80E6-029887525A18}.Debug|x86.Build.0 = Debug|Any CPU
		{0B8BF316-95D4-4BF2-80E6-029887525A18}.Release|Any CPU.ActiveCfg = Release|Any CPU
		{0B8BF316-95D4-4BF2-80E6-029887525A18}.Release|Any CPU.Build.0 = Release|Any CPU
		{0B8BF316-95D4-4BF2-80E6-029887525A18}.Release|x64.ActiveCfg = Release|Any CPU
		{0B8BF316-95D4-4BF2-80E6-029887525A18}.Release|x64.Build.0 = Release|Any CPU
		{0B8BF316-95D4-4BF2-80E6-029887525A18}.Release|x86.ActiveCfg = Release|Any CPU
		{0B8BF316-95D4-4BF2-80E6-029887525A18}.Release|x86.Build.0 = Release|Any CPU
		{A54DFA4E-5E3C-46C2-92D3-76BE00DD23A6}.Debug|Any CPU.ActiveCfg = Debug|Any CPU
		{A54DFA4E-5E3C-46C2-92D3-76BE00DD23A6}.Debug|Any CPU.Build.0 = Debug|Any CPU
		{A54DFA4E-5E3C-46C2-92D3-76BE00DD23A6}.Debug|x64.ActiveCfg = Debug|Any CPU
		{A54DFA4E-5E3C-46C2-92D3-76BE00DD23A6}.Debug|x64.Build.0 = Debug|Any CPU
		{A54DFA4E-5E3C-46C2-92D3-76BE00DD23A6}.Debug|x86.ActiveCfg = Debug|Any CPU
		{A54DFA4E-5E3C-46C2-92D3-76BE00DD23A6}.Debug|x86.Build.0 = Debug|Any CPU
		{A54DFA4E-5E3C-46C2-92D3-76BE00DD23A6}.Release|Any CPU.ActiveCfg = Release|Any CPU
		{A54DFA4E-5E3C-46C2-92D3-76BE00DD23A6}.Release|Any CPU.Build.0 = Release|Any CPU
		{A54DFA4E-5E3C-46C2-92D3-76BE00DD23A6}.Release|x64.ActiveCfg = Release|Any CPU
		{A54DFA4E-5E3C-46C2-92D3-76BE00DD23A6}.Release|x64.Build.0 = Release|Any CPU
		{A54DFA4E-5E3C-46C2-92D3-76BE00DD23A6}.Release|x86.ActiveCfg = Release|Any CPU
		{A54DFA4E-5E3C-46C2-92D3-76BE00DD23A6}.Release|x86.Build.0 = Release|Any CPU
		{7C87979B-D9E3-483B-A139-75F845E9A9DC}.Debug|Any CPU.ActiveCfg = Debug|Any CPU
		{7C87979B-D9E3-483B-A139-75F845E9A9DC}.Debug|Any CPU.Build.0 = Debug|Any CPU
		{7C87979B-D9E3-483B-A139-75F845E9A9DC}.Debug|x64.ActiveCfg = Debug|Any CPU
		{7C87979B-D9E3-483B-A139-75F845E9A9DC}.Debug|x64.Build.0 = Debug|Any CPU
		{7C87979B-D9E3-483B-A139-75F845E9A9DC}.Debug|x86.ActiveCfg = Debug|Any CPU
		{7C87979B-D9E3-483B-A139-75F845E9A9DC}.Debug|x86.Build.0 = Debug|Any CPU
		{7C87979B-D9E3-483B-A139-75F845E9A9DC}.Release|Any CPU.ActiveCfg = Release|Any CPU
		{7C87979B-D9E3-483B-A139-75F845E9A9DC}.Release|Any CPU.Build.0 = Release|Any CPU
		{7C87979B-D9E3-483B-A139-75F845E9A9DC}.Release|x64.ActiveCfg = Release|Any CPU
		{7C87979B-D9E3-483B-A139-75F845E9A9DC}.Release|x64.Build.0 = Release|Any CPU
		{7C87979B-D9E3-483B-A139-75F845E9A9DC}.Release|x86.ActiveCfg = Release|Any CPU
		{7C87979B-D9E3-483B-A139-75F845E9A9DC}.Release|x86.Build.0 = Release|Any CPU
		{3A8AC4B1-DAC9-44BF-9AE3-6E825B74BE6A}.Debug|Any CPU.ActiveCfg = Debug|Any CPU
		{3A8AC4B1-DAC9-44BF-9AE3-6E825B74BE6A}.Debug|Any CPU.Build.0 = Debug|Any CPU
		{3A8AC4B1-DAC9-44BF-9AE3-6E825B74BE6A}.Debug|x64.ActiveCfg = Debug|Any CPU
		{3A8AC4B1-DAC9-44BF-9AE3-6E825B74BE6A}.Debug|x64.Build.0 = Debug|Any CPU
		{3A8AC4B1-DAC9-44BF-9AE3-6E825B74BE6A}.Debug|x86.ActiveCfg = Debug|Any CPU
		{3A8AC4B1-DAC9-44BF-9AE3-6E825B74BE6A}.Debug|x86.Build.0 = Debug|Any CPU
		{3A8AC4B1-DAC9-44BF-9AE3-6E825B74BE6A}.Release|Any CPU.ActiveCfg = Release|Any CPU
		{3A8AC4B1-DAC9-44BF-9AE3-6E825B74BE6A}.Release|Any CPU.Build.0 = Release|Any CPU
		{3A8AC4B1-DAC9-44BF-9AE3-6E825B74BE6A}.Release|x64.ActiveCfg = Release|Any CPU
		{3A8AC4B1-DAC9-44BF-9AE3-6E825B74BE6A}.Release|x64.Build.0 = Release|Any CPU
		{3A8AC4B1-DAC9-44BF-9AE3-6E825B74BE6A}.Release|x86.ActiveCfg = Release|Any CPU
		{3A8AC4B1-DAC9-44BF-9AE3-6E825B74BE6A}.Release|x86.Build.0 = Release|Any CPU
		{26C882BC-DE7E-4AEC-939C-4411E7B860CF}.Debug|Any CPU.ActiveCfg = Debug|Any CPU
		{26C882BC-DE7E-4AEC-939C-4411E7B860CF}.Debug|Any CPU.Build.0 = Debug|Any CPU
		{26C882BC-DE7E-4AEC-939C-4411E7B860CF}.Debug|x64.ActiveCfg = Debug|Any CPU
		{26C882BC-DE7E-4AEC-939C-4411E7B860CF}.Debug|x64.Build.0 = Debug|Any CPU
		{26C882BC-DE7E-4AEC-939C-4411E7B860CF}.Debug|x86.ActiveCfg = Debug|Any CPU
		{26C882BC-DE7E-4AEC-939C-4411E7B860CF}.Debug|x86.Build.0 = Debug|Any CPU
		{26C882BC-DE7E-4AEC-939C-4411E7B860CF}.Release|Any CPU.ActiveCfg = Release|Any CPU
		{26C882BC-DE7E-4AEC-939C-4411E7B860CF}.Release|Any CPU.Build.0 = Release|Any CPU
		{26C882BC-DE7E-4AEC-939C-4411E7B860CF}.Release|x64.ActiveCfg = Release|Any CPU
		{26C882BC-DE7E-4AEC-939C-4411E7B860CF}.Release|x64.Build.0 = Release|Any CPU
		{26C882BC-DE7E-4AEC-939C-4411E7B860CF}.Release|x86.ActiveCfg = Release|Any CPU
		{26C882BC-DE7E-4AEC-939C-4411E7B860CF}.Release|x86.Build.0 = Release|Any CPU
		{972FA0FB-AF91-4BCD-99C6-B1A8D56B311B}.Debug|Any CPU.ActiveCfg = Debug|Any CPU
		{972FA0FB-AF91-4BCD-99C6-B1A8D56B311B}.Debug|Any CPU.Build.0 = Debug|Any CPU
		{972FA0FB-AF91-4BCD-99C6-B1A8D56B311B}.Debug|x64.ActiveCfg = Debug|Any CPU
		{972FA0FB-AF91-4BCD-99C6-B1A8D56B311B}.Debug|x64.Build.0 = Debug|Any CPU
		{972FA0FB-AF91-4BCD-99C6-B1A8D56B311B}.Debug|x86.ActiveCfg = Debug|Any CPU
		{972FA0FB-AF91-4BCD-99C6-B1A8D56B311B}.Debug|x86.Build.0 = Debug|Any CPU
		{972FA0FB-AF91-4BCD-99C6-B1A8D56B311B}.Release|Any CPU.ActiveCfg = Release|Any CPU
		{972FA0FB-AF91-4BCD-99C6-B1A8D56B311B}.Release|Any CPU.Build.0 = Release|Any CPU
		{972FA0FB-AF91-4BCD-99C6-B1A8D56B311B}.Release|x64.ActiveCfg = Release|Any CPU
		{972FA0FB-AF91-4BCD-99C6-B1A8D56B311B}.Release|x64.Build.0 = Release|Any CPU
		{972FA0FB-AF91-4BCD-99C6-B1A8D56B311B}.Release|x86.ActiveCfg = Release|Any CPU
		{972FA0FB-AF91-4BCD-99C6-B1A8D56B311B}.Release|x86.Build.0 = Release|Any CPU
		{4CC799BD-787E-476B-8EFB-62E82433C91D}.Debug|Any CPU.ActiveCfg = Debug|Any CPU
		{4CC799BD-787E-476B-8EFB-62E82433C91D}.Debug|Any CPU.Build.0 = Debug|Any CPU
		{4CC799BD-787E-476B-8EFB-62E82433C91D}.Debug|x64.ActiveCfg = Debug|Any CPU
		{4CC799BD-787E-476B-8EFB-62E82433C91D}.Debug|x64.Build.0 = Debug|Any CPU
		{4CC799BD-787E-476B-8EFB-62E82433C91D}.Debug|x86.ActiveCfg = Debug|Any CPU
		{4CC799BD-787E-476B-8EFB-62E82433C91D}.Debug|x86.Build.0 = Debug|Any CPU
		{4CC799BD-787E-476B-8EFB-62E82433C91D}.Release|Any CPU.ActiveCfg = Release|Any CPU
		{4CC799BD-787E-476B-8EFB-62E82433C91D}.Release|Any CPU.Build.0 = Release|Any CPU
		{4CC799BD-787E-476B-8EFB-62E82433C91D}.Release|x64.ActiveCfg = Release|Any CPU
		{4CC799BD-787E-476B-8EFB-62E82433C91D}.Release|x64.Build.0 = Release|Any CPU
		{4CC799BD-787E-476B-8EFB-62E82433C91D}.Release|x86.ActiveCfg = Release|Any CPU
		{4CC799BD-787E-476B-8EFB-62E82433C91D}.Release|x86.Build.0 = Release|Any CPU
		{D97A42FE-2616-4F16-82F8-732C341390B1}.Debug|Any CPU.ActiveCfg = Debug|Any CPU
		{D97A42FE-2616-4F16-82F8-732C341390B1}.Debug|Any CPU.Build.0 = Debug|Any CPU
		{D97A42FE-2616-4F16-82F8-732C341390B1}.Debug|x64.ActiveCfg = Debug|Any CPU
		{D97A42FE-2616-4F16-82F8-732C341390B1}.Debug|x64.Build.0 = Debug|Any CPU
		{D97A42FE-2616-4F16-82F8-732C341390B1}.Debug|x86.ActiveCfg = Debug|Any CPU
		{D97A42FE-2616-4F16-82F8-732C341390B1}.Debug|x86.Build.0 = Debug|Any CPU
		{D97A42FE-2616-4F16-82F8-732C341390B1}.Release|Any CPU.ActiveCfg = Release|Any CPU
		{D97A42FE-2616-4F16-82F8-732C341390B1}.Release|Any CPU.Build.0 = Release|Any CPU
		{D97A42FE-2616-4F16-82F8-732C341390B1}.Release|x64.ActiveCfg = Release|Any CPU
		{D97A42FE-2616-4F16-82F8-732C341390B1}.Release|x64.Build.0 = Release|Any CPU
		{D97A42FE-2616-4F16-82F8-732C341390B1}.Release|x86.ActiveCfg = Release|Any CPU
		{D97A42FE-2616-4F16-82F8-732C341390B1}.Release|x86.Build.0 = Release|Any CPU
		{E7580040-0FFE-475B-ACB8-0EF43ECB4F5D}.Debug|Any CPU.ActiveCfg = Debug|Any CPU
		{E7580040-0FFE-475B-ACB8-0EF43ECB4F5D}.Debug|Any CPU.Build.0 = Debug|Any CPU
		{E7580040-0FFE-475B-ACB8-0EF43ECB4F5D}.Debug|x64.ActiveCfg = Debug|Any CPU
		{E7580040-0FFE-475B-ACB8-0EF43ECB4F5D}.Debug|x64.Build.0 = Debug|Any CPU
		{E7580040-0FFE-475B-ACB8-0EF43ECB4F5D}.Debug|x86.ActiveCfg = Debug|Any CPU
		{E7580040-0FFE-475B-ACB8-0EF43ECB4F5D}.Debug|x86.Build.0 = Debug|Any CPU
		{E7580040-0FFE-475B-ACB8-0EF43ECB4F5D}.Release|Any CPU.ActiveCfg = Release|Any CPU
		{E7580040-0FFE-475B-ACB8-0EF43ECB4F5D}.Release|Any CPU.Build.0 = Release|Any CPU
		{E7580040-0FFE-475B-ACB8-0EF43ECB4F5D}.Release|x64.ActiveCfg = Release|Any CPU
		{E7580040-0FFE-475B-ACB8-0EF43ECB4F5D}.Release|x64.Build.0 = Release|Any CPU
		{E7580040-0FFE-475B-ACB8-0EF43ECB4F5D}.Release|x86.ActiveCfg = Release|Any CPU
		{E7580040-0FFE-475B-ACB8-0EF43ECB4F5D}.Release|x86.Build.0 = Release|Any CPU
		{27E3C1CE-7CBC-445F-8935-1EFE2102B6C5}.Debug|Any CPU.ActiveCfg = Debug|Any CPU
		{27E3C1CE-7CBC-445F-8935-1EFE2102B6C5}.Debug|Any CPU.Build.0 = Debug|Any CPU
		{27E3C1CE-7CBC-445F-8935-1EFE2102B6C5}.Debug|x64.ActiveCfg = Debug|Any CPU
		{27E3C1CE-7CBC-445F-8935-1EFE2102B6C5}.Debug|x64.Build.0 = Debug|Any CPU
		{27E3C1CE-7CBC-445F-8935-1EFE2102B6C5}.Debug|x86.ActiveCfg = Debug|Any CPU
		{27E3C1CE-7CBC-445F-8935-1EFE2102B6C5}.Debug|x86.Build.0 = Debug|Any CPU
		{27E3C1CE-7CBC-445F-8935-1EFE2102B6C5}.Release|Any CPU.ActiveCfg = Release|Any CPU
		{27E3C1CE-7CBC-445F-8935-1EFE2102B6C5}.Release|Any CPU.Build.0 = Release|Any CPU
		{27E3C1CE-7CBC-445F-8935-1EFE2102B6C5}.Release|x64.ActiveCfg = Release|Any CPU
		{27E3C1CE-7CBC-445F-8935-1EFE2102B6C5}.Release|x64.Build.0 = Release|Any CPU
		{27E3C1CE-7CBC-445F-8935-1EFE2102B6C5}.Release|x86.ActiveCfg = Release|Any CPU
		{27E3C1CE-7CBC-445F-8935-1EFE2102B6C5}.Release|x86.Build.0 = Release|Any CPU
		{EBE5273B-62C6-4E2C-96FD-AE4726159B26}.Debug|Any CPU.ActiveCfg = Debug|Any CPU
		{EBE5273B-62C6-4E2C-96FD-AE4726159B26}.Debug|Any CPU.Build.0 = Debug|Any CPU
		{EBE5273B-62C6-4E2C-96FD-AE4726159B26}.Debug|x64.ActiveCfg = Debug|Any CPU
		{EBE5273B-62C6-4E2C-96FD-AE4726159B26}.Debug|x64.Build.0 = Debug|Any CPU
		{EBE5273B-62C6-4E2C-96FD-AE4726159B26}.Debug|x86.ActiveCfg = Debug|Any CPU
		{EBE5273B-62C6-4E2C-96FD-AE4726159B26}.Debug|x86.Build.0 = Debug|Any CPU
		{EBE5273B-62C6-4E2C-96FD-AE4726159B26}.Release|Any CPU.ActiveCfg = Release|Any CPU
		{EBE5273B-62C6-4E2C-96FD-AE4726159B26}.Release|Any CPU.Build.0 = Release|Any CPU
		{EBE5273B-62C6-4E2C-96FD-AE4726159B26}.Release|x64.ActiveCfg = Release|Any CPU
		{EBE5273B-62C6-4E2C-96FD-AE4726159B26}.Release|x64.Build.0 = Release|Any CPU
		{EBE5273B-62C6-4E2C-96FD-AE4726159B26}.Release|x86.ActiveCfg = Release|Any CPU
		{EBE5273B-62C6-4E2C-96FD-AE4726159B26}.Release|x86.Build.0 = Release|Any CPU
	EndGlobalSection
	GlobalSection(SolutionProperties) = preSolution
		HideSolutionNode = FALSE
	EndGlobalSection
	GlobalSection(NestedProjects) = preSolution
		{D4F04349-EA5E-4C28-BD46-1045794B7FC7} = {827E0CD3-B72D-47B6-A68D-7590B98EB39B}
		{366B142A-49C2-45B3-9555-C209F8E88D03} = {827E0CD3-B72D-47B6-A68D-7590B98EB39B}
		{D9AF8D77-0ED5-4090-9F74-45F0752B1C66} = {827E0CD3-B72D-47B6-A68D-7590B98EB39B}
		{1CE3E687-0DAD-4AF9-952F-3731AEC2DE84} = {827E0CD3-B72D-47B6-A68D-7590B98EB39B}
		{0B8BF316-95D4-4BF2-80E6-029887525A18} = {827E0CD3-B72D-47B6-A68D-7590B98EB39B}
		{A54DFA4E-5E3C-46C2-92D3-76BE00DD23A6} = {827E0CD3-B72D-47B6-A68D-7590B98EB39B}
		{7C87979B-D9E3-483B-A139-75F845E9A9DC} = {827E0CD3-B72D-47B6-A68D-7590B98EB39B}
		{3A8AC4B1-DAC9-44BF-9AE3-6E825B74BE6A} = {0AB3BF05-4346-4AA6-1389-037BE0695223}
		{26C882BC-DE7E-4AEC-939C-4411E7B860CF} = {0AB3BF05-4346-4AA6-1389-037BE0695223}
		{972FA0FB-AF91-4BCD-99C6-B1A8D56B311B} = {0AB3BF05-4346-4AA6-1389-037BE0695223}
		{4CC799BD-787E-476B-8EFB-62E82433C91D} = {0AB3BF05-4346-4AA6-1389-037BE0695223}
		{D97A42FE-2616-4F16-82F8-732C341390B1} = {0AB3BF05-4346-4AA6-1389-037BE0695223}
		{E7580040-0FFE-475B-ACB8-0EF43ECB4F5D} = {0AB3BF05-4346-4AA6-1389-037BE0695223}
		{27E3C1CE-7CBC-445F-8935-1EFE2102B6C5} = {0AB3BF05-4346-4AA6-1389-037BE0695223}
		{EBE5273B-62C6-4E2C-96FD-AE4726159B26} = {0AB3BF05-4346-4AA6-1389-037BE0695223}
	EndGlobalSection
EndGlobal
